<?xml version="1.0" encoding="utf-8"?>
<Project ToolsVersion="4.0" xmlns="http://schemas.microsoft.com/developer/msbuild/2003">
  <ItemGroup>
    <Filter Include="Source Files">
      <UniqueIdentifier>{4FC737F1-C7A5-4376-A066-2A32D752A2FF}</UniqueIdentifier>
      <Extensions>cpp;c;cc;cxx;c++;cppm;ixx;def;odl;idl;hpj;bat;asm;asmx</Extensions>
    </Filter>
    <Filter Include="Header Files">
      <UniqueIdentifier>{93995380-89BD-4b04-88EB-625FBE52EBFB}</UniqueIdentifier>
      <Extensions>h;hh;hpp;hxx;h++;hm;inl;inc;ipp;xsd</Extensions>
    </Filter>
    <Filter Include="Resource Files">
      <UniqueIdentifier>{67DA6AB6-F800-4c08-8B7A-83BB121AAD01}</UniqueIdentifier>
      <Extensions>rc;ico;cur;bmp;dlg;rc2;rct;bin;rgs;gif;jpg;jpeg;jpe;resx;tiff;tif;png;wav;mfcribbon-ms</Extensions>
    </Filter>
    <Filter Include="Source Files\include">
      <UniqueIdentifier>{960253b9-ab69-43d1-a655-044295f4dcd2}</UniqueIdentifier>
      <Extensions>.h;.hh;.hpp</Extensions>
    </Filter>
    <Filter Include="Source Files\src">
      <UniqueIdentifier>{1e3265a1-b98f-41b2-b138-33256d34282f}</UniqueIdentifier>
    </Filter>
    <Filter Include="Source Files\include\rtl">
      <UniqueIdentifier>{7d23a880-3abf-4f7e-92fa-5e6953f9ebf3}</UniqueIdentifier>
    </Filter>
    <Filter Include="Source Files\include\preamble">
      <UniqueIdentifier>{dee4865e-99c4-465d-82b5-d5dd3067506e}</UniqueIdentifier>
    </Filter>
    <Filter Include="Source Files\include\math">
      <UniqueIdentifier>{13bccb2f-fe6c-41e9-ab37-bf3eeef5c8d5}</UniqueIdentifier>
    </Filter>
  </ItemGroup>
  <ItemGroup>
    <ClInclude Include="include\ROSE\ROSE.h">
      <Filter>Source Files\include</Filter>
    </ClInclude>
    <ClInclude Include="include\ROSE\ROSE_preamble.h">
      <Filter>Source Files\include</Filter>
    </ClInclude>
    <ClInclude Include="include\ROSE\rtl\ROSE_list.h">
      <Filter>Source Files\include\rtl</Filter>
    </ClInclude>
    <ClInclude Include="include\ROSE\preamble\ROSE_macros.h">
      <Filter>Source Files\include\preamble</Filter>
    </ClInclude>
    <ClInclude Include="include\ROSE\ROSE_version.h">
      <Filter>Source Files\include</Filter>
    </ClInclude>
    <ClInclude Include="include\ROSE\preamble\ROSE_rtl.h">
      <Filter>Source Files\include\preamble</Filter>
    </ClInclude>
    <ClInclude Include="include\ROSE\rtl\ROSE_buffer.h">
      <Filter>Source Files\include\rtl</Filter>
    </ClInclude>
    <ClInclude Include="include\ROSE\rtl\ROSE_memory.h">
      <Filter>Source Files\include\rtl</Filter>
    </ClInclude>
    <ClInclude Include="include\ROSE\ROSE_main.h">
      <Filter>Source Files\include</Filter>
    </ClInclude>
    <ClInclude Include="include\ROSE\ROSE_log.h">
      <Filter>Source Files\include</Filter>
    </ClInclude>
    <ClInclude Include="include\ROSE\preamble\ROSE_stdlib.h">
      <Filter>Source Files\include\preamble</Filter>
    </ClInclude>
    <ClInclude Include="include\ROSE\rtl\ROSE_array.h">
      <Filter>Source Files\include\rtl</Filter>
    </ClInclude>
    <ClInclude Include="include\ROSE\preamble\ROSE_typetraits.h">
      <Filter>Source Files\include\preamble</Filter>
    </ClInclude>
    <ClInclude Include="include\ROSE\ROSE_object.h">
      <Filter>Source Files\include</Filter>
    </ClInclude>
    <ClInclude Include="include\ROSE\ROSE_behavior.h">
      <Filter>Source Files\include</Filter>
    </ClInclude>
    <ClInclude Include="include\ROSE\rtl\ROSE_hashmap.h">
      <Filter>Source Files\include\rtl</Filter>
    </ClInclude>
    <ClInclude Include="include\ROSE\preamble\ROSE_uuid.h">
      <Filter>Source Files\include\preamble</Filter>
    </ClInclude>
    <ClInclude Include="include\ROSE\ROSE_meta.h">
      <Filter>Source Files\include</Filter>
    </ClInclude>
    <ClInclude Include="include\ROSE\rtl\ROSE_utility.h">
      <Filter>Source Files\include\rtl</Filter>
    </ClInclude>
    <ClInclude Include="include\ROSE\ROSE_math.h">
      <Filter>Source Files\include</Filter>
    </ClInclude>
    <ClInclude Include="include\ROSE\ROSE_scene.h">
      <Filter>Source Files\include</Filter>
    </ClInclude>
    <ClInclude Include="include\ROSE\math\ROSE_tensor.h">
      <Filter>Source Files\include\math</Filter>
    </ClInclude>
    <ClInclude Include="include\ROSE\math\ROSE_matrix.h">
      <Filter>Source Files\include\math</Filter>
    </ClInclude>
    <ClInclude Include="include\ROSE\math\ROSE_vector.h">
      <Filter>Source Files\include\math</Filter>
    </ClInclude>
    <ClInclude Include="include\ROSE\math\ROSE_complex.h">
      <Filter>Source Files\include\math</Filter>
    </ClInclude>
    <ClInclude Include="include\ROSE\math\ROSE_quaternion.h">
      <Filter>Source Files\include\math</Filter>
    </ClInclude>
    <ClInclude Include="include\ROSE\ROSE_transform.h">
      <Filter>Source Files\include</Filter>
    </ClInclude>
    <ClInclude Include="include\rose\math\ROSE_mathenum.h">
      <Filter>Source Files\include\math</Filter>
    </ClInclude>
    <ClInclude Include="include\ROSE\ROSE_input.h">
      <Filter>Source Files\include</Filter>
    </ClInclude>
    <ClInclude Include="include\ROSE\ROSE_application.h">
      <Filter>Source Files\include</Filter>
    </ClInclude>
    <ClInclude Include="include\ROSE\ROSE_format.h">
      <Filter>Source Files\include</Filter>
    </ClInclude>
    <ClInclude Include="include\ROSE\math\ROSE_mathfunctions.h">
      <Filter>Source Files\include\math</Filter>
    </ClInclude>
    <ClInclude Include="include\ROSE\math\ROSE_constants.h">
      <Filter>Source Files\include\math</Filter>
    </ClInclude>
  </ItemGroup>
  <ItemGroup>
    <ClCompile Include="src\version.cpp">
      <Filter>Source Files\src</Filter>
    </ClCompile>
    <ClCompile Include="include\ROSE\rtl\ROSE_string.h">
      <Filter>Source Files\include\rtl</Filter>
    </ClCompile>
    <ClCompile Include="src\rtl\buffer.cpp">
      <Filter>Source Files\src</Filter>
    </ClCompile>
    <ClCompile Include="src\entry.cpp">
      <Filter>Source Files\src</Filter>
    </ClCompile>
    <ClCompile Include="src\string.cpp">
      <Filter>Source Files\src</Filter>
    </ClCompile>
    <ClCompile Include="src\object.cpp">
      <Filter>Source Files\src</Filter>
    </ClCompile>
    <ClCompile Include="src\utility.cpp">
      <Filter>Source Files\src</Filter>
    </ClCompile>
    <ClCompile Include="src\input.cpp">
      <Filter>Source Files\src</Filter>
    </ClCompile>
    <ClCompile Include="src\application.cpp">
      <Filter>Source Files\src</Filter>
    </ClCompile>
    <ClCompile Include="src\rtl\hashmap.cpp">
      <Filter>Source Files\src</Filter>
    </ClCompile>
  </ItemGroup>
</Project>