<Solution>
  <Configurations>
    <Platform Name="x64" />
  </Configurations>
  <Folder Name="/Engine/">
    <Project Path="Core.vcxproj" Id="13505735-8c1e-401a-a4a8-ade1dfc0ce7f" />
  </Folder>
  <Folder Name="/Ex/">
    <Project Path="examples/Ex1/Ex1.vcxproj" Id="73e3ecb3-712e-4250-a621-de928a39e1a9" />
    <Project Path="examples/Ex2/Ex2.vcxproj" Id="4dda5985-243b-4f54-858b-0c0c8002936c" />
  </Folder>
</Solution>
